{
  "nodes": {
    "home-manager": {
      "inputs": {
        "nixpkgs": [
          "nixpkgs"
        ]
      },
      "locked": {
        "lastModified": 1713809191,
        "narHash": "sha256-9Tb5JKcacjxNF1f7gsu/4l4Gxa2qflq9x1hhdl10iwM=",
        "owner": "nix-community",
        "repo": "home-manager",
        "rev": "e866aae5bbbcfe6798ca05d3004a4e62f1828954",
        "type": "github"
      },
      "original": {
        "owner": "nix-community",
        "repo": "home-manager",
        "type": "github"
      }
    },
    "nh": {
      "inputs": {
        "nixpkgs": "nixpkgs"
      },
      "locked": {
        "lastModified": 1713635132,
        "narHash": "sha256-lLftlafVmv9RPzCO7gTsswiD+Q0MoAP0FVXVoK3iGmE=",
        "owner": "viperML",
        "repo": "nh",
        "rev": "6c772f572fd17ed9181625e221e2365e9bffc3f6",
        "type": "github"
      },
      "original": {
        "owner": "viperML",
        "repo": "nh",
        "type": "github"
      }
    },
    "nixpkgs": {
      "locked": {
        "lastModified": 1711668574,
        "narHash": "sha256-u1dfs0ASQIEr1icTVrsKwg2xToIpn7ZXxW3RHfHxshg=",
        "owner": "NixOS",
        "repo": "nixpkgs",
        "rev": "219951b495fc2eac67b1456824cc1ec1fd2ee659",
        "type": "github"
      },
      "original": {
        "owner": "NixOS",
        "ref": "nixos-23.11",
        "repo": "nixpkgs",
        "type": "github"
      }
    },
    "nixpkgs_2": {
      "locked": {
        "lastModified": 1713714899,
        "narHash": "sha256-+z/XjO3QJs5rLE5UOf015gdVauVRQd2vZtsFkaXBq2Y=",
        "owner": "nixos",
        "repo": "nixpkgs",
        "rev": "6143fc5eeb9c4f00163267708e26191d1e918932",
        "type": "github"
      },
      "original": {
        "owner": "nixos",
        "ref": "nixos-unstable",
        "repo": "nixpkgs",
        "type": "github"
      }
    },
    "nixpkgs_3": {
      "locked": {
        "lastModified": 1710272261,
        "narHash": "sha256-g0bDwXFmTE7uGDOs9HcJsfLFhH7fOsASbAuOzDC+fhQ=",
        "owner": "NixOS",
        "repo": "nixpkgs",
        "rev": "0ad13a6833440b8e238947e47bea7f11071dc2b2",
        "type": "github"
      },
      "original": {
        "owner": "NixOS",
        "ref": "nixos-unstable",
        "repo": "nixpkgs",
        "type": "github"
      }
    },
    "root": {
      "inputs": {
        "home-manager": "home-manager",
        "nh": "nh",
        "nixpkgs": "nixpkgs_2",
        "sddm-sugar-candy-nix": "sddm-sugar-candy-nix"
      }
    },
    "sddm-sugar-candy-nix": {
      "inputs": {
        "nixpkgs": "nixpkgs_3"
      },
      "locked": {
        "lastModified": 1710333929,
        "narHash": "sha256-Ld9QafzmuuWi8iH8iF04xURmRstlyX89JjCMNIzTyO4=",
        "owner": "MacKenzie779",
        "repo": "sddm-sugar-candy-nix",
        "rev": "236af15280d2a12299edfa0892d77b5979357934",
        "type": "github"
      },
      "original": {
        "owner": "MacKenzie779",
        "repo": "sddm-sugar-candy-nix",
        "type": "github"
      }
    }
  },
  "root": "root",
  "version": 7
}
